
Microsoft Visual Studio Solution File, Format Version 12.00
# Visual Studio 15
Project("{FAE04EC0-301F-11D3-BF4B-00C04F79EFBC}") = "Assembly-CSharp", "Assembly-CSharp.csproj", "{4360549E-D917-7A21-AEB7-C87461C075BD}"
EndProject
Project("{FAE04EC0-301F-11D3-BF4B-00C04F79EFBC}") = "Assembly-CSharp-Editor", "Assembly-CSharp-Editor.csproj", "{859D74B5-93B5-49A8-9584-820F3B7B9B6C}"
EndProject
Global
	GlobalSection(SolutionConfigurationPlatforms) = preSolution
		Debug|Any CPU = Debug|Any CPU
		Release|Any CPU = Release|Any CPU
	EndGlobalSection
	GlobalSection(ProjectConfigurationPlatforms) = postSolution
		{4360549E-D917-7A21-AEB7-C87461C075BD}.Debug|Any CPU.ActiveCfg = Debug|Any CPU
		{4360549E-D917-7A21-AEB7-C87461C075BD}.Debug|Any CPU.Build.0 = Debug|Any CPU
		{4360549E-D917-7A21-AEB7-C87461C075BD}.Release|Any CPU.ActiveCfg = Release|Any CPU
		{4360549E-D917-7A21-AEB7-C87461C075BD}.Release|Any CPU.Build.0 = Release|Any CPU
		{859D74B5-93B5-49A8-9584-820F3B7B9B6C}.Debug|Any CPU.ActiveCfg = Debug|Any CPU
		{859D74B5-93B5-49A8-9584-820F3B7B9B6C}.Debug|Any CPU.Build.0 = Debug|Any CPU
		{859D74B5-93B5-49A8-9584-820F3B7B9B6C}.Release|Any CPU.ActiveCfg = Release|Any CPU
		{859D74B5-93B5-49A8-9584-820F3B7B9B6C}.Release|Any CPU.Build.0 = Release|Any CPU
	EndGlobalSection
	GlobalSection(SolutionProperties) = preSolution
		HideSolutionNode = FALSE
	EndGlobalSection
EndGlobal
